// !$*UTF8*$!
{
	archiveVersion = 1;
	classes = {
	};
	objectVersion = 50;
	objects = {

/* Begin PBXBuildFile section */
		4282E14C24530F1B001DDB1E /* AppDelegate.swift in Sources */ = {isa = PBXBuildFile; fileRef = 4282E14B24530F1B001DDB1E /* AppDelegate.swift */; };
		4282E14E24530F1B001DDB1E /* SceneDelegate.swift in Sources */ = {isa = PBXBuildFile; fileRef = 4282E14D24530F1B001DDB1E /* SceneDelegate.swift */; };
		4282E15024530F1B001DDB1E /* ViewController.swift in Sources */ = {isa = PBXBuildFile; fileRef = 4282E14F24530F1B001DDB1E /* ViewController.swift */; };
		4282E15324530F1B001DDB1E /* Main.storyboard in Resources */ = {isa = PBXBuildFile; fileRef = 4282E15124530F1B001DDB1E /* Main.storyboard */; };
		4282E15524530F20001DDB1E /* Assets.xcassets in Resources */ = {isa = PBXBuildFile; fileRef = 4282E15424530F20001DDB1E /* Assets.xcassets */; };
		4282E15824530F20001DDB1E /* LaunchScreen.storyboard in Resources */ = {isa = PBXBuildFile; fileRef = 4282E15624530F20001DDB1E /* LaunchScreen.storyboard */; };
/* End PBXBuildFile section */

/* Begin PBXFileReference section */
		4282E14824530F1B001DDB1E /* Switch_On_Off.app */ = {isa = PBXFileReference; explicitFileType = wrapper.application; includeInIndex = 0; path = Switch_On_Off.app; sourceTree = BUILT_PRODUCTS_DIR; };
		4282E14B24530F1B001DDB1E /* AppDelegate.swift */ = {isa = PBXFileReference; lastKnownFileType = sourcecode.swift; path = AppDelegate.swift; sourceTree = "<group>"; };
		4282E14D24530F1B001DDB1E /* SceneDelegate.swift */ = {isa = PBXFileReference; lastKnownFileType = sourcecode.swift; path = SceneDelegate.swift; sourceTree = "<group>"; };
		4282E14F24530F1B001DDB1E /* ViewController.swift */ = {isa = PBXFileReference; lastKnownFileType = sourcecode.swift; path = ViewController.swift; sourceTree = "<group>"; };
		4282E15224530F1B001DDB1E /* Base */ = {isa = PBXFileReference; lastKnownFileType = file.storyboard; name = Base; path = Base.lproj/Main.storyboard; sourceTree = "<group>"; };
		4282E15424530F20001DDB1E /* Assets.xcassets */ = {isa = PBXFileReference; lastKnownFileType = folder.assetcatalog; path = Assets.xcassets; sourceTree = "<group>"; };
		4282E15724530F20001DDB1E /* Base */ = {isa = PBXFileReference; lastKnownFileType = file.storyboard; name = Base; path = Base.lproj/LaunchScreen.storyboard; sourceTree = "<group>"; };
		4282E15924530F20001DDB1E /* Info.plist */ = {isa = PBXFileReference; lastKnownFileType = text.plist.xml; path = Info.plist; sourceTree = "<group>"; };
/* End PBXFileReference section */

/* Begin PBXFrameworksBuildPhase section */
		4282E14524530F1B001DDB1E /* Frameworks */ = {
			isa = PBXFrameworksBuildPhase;
			buildActionMask = 2147483647;
			files = (
			);
			runOnlyForDeploymentPostprocessing = 0;
		};
/* End PBXFrameworksBuildPhase section */

/* Begin PBXGroup section */
		4282E13F24530F1B001DDB1E = {
			isa = PBXGroup;
			children = (
				4282E14A24530F1B001DDB1E /* Switch_On_Off */,
				4282E14924530F1B001DDB1E /* Products */,
			);
			sourceTree = "<group>";
		};
		4282E14924530F1B001DDB1E /* Products */ = {
			isa = PBXGroup;
			children = (
				4282E14824530F1B001DDB1E /* Switch_On_Off.app */,
			);
			name = Products;
			sourceTree = "<group>";
		};
		4282E14A24530F1B001DDB1E /* Switch_On_Off */ = {
			isa = PBXGroup;
			children = (
				4282E14B24530F1B001DDB1E /* AppDelegate.swift */,
				4282E14D24530F1B001DDB1E /* SceneDelegate.swift */,
				4282E14F24530F1B001DDB1E /* ViewController.swift */,
				4282E15124530F1B001DDB1E /* Main.storyboard */,
				4282E15424530F20001DDB1E /* Assets.xcassets */,
				4282E15624530F20001DDB1E /* LaunchScreen.storyboard */,
				4282E15924530F20001DDB1E /* Info.plist */,
			);
			path = Switch_On_Off;
			sourceTree = "<group>";
		};
/* End PBXGroup section */

/* Begin PBXNativeTarget section */
		4282E14724530F1B001DDB1E /* Switch_On_Off */ = {
			isa = PBXNativeTarget;
			buildConfigurationList = 4282E15C24530F20001DDB1E /* Build configuration list for PBXNativeTarget "Switch_On_Off" */;
			buildPhases = (
				4282E14424530F1B001DDB1E /* Sources */,
				4282E14524530F1B001DDB1E /* Frameworks */,
				4282E14624530F1B001DDB1E /* Resources */,
			);
			buildRules = (
			);
			dependencies = (
			);
			name = Switch_On_Off;
			productName = Switch_On_Off;
			productReference = 4282E14824530F1B001DDB1E /* Switch_On_Off.app */;
			productType = "com.apple.product-type.application";
		};
/* End PBXNativeTarget section */

/* Begin PBXProject section */
		4282E14024530F1B001DDB1E /* Project object */ = {
			isa = PBXProject;
			attributes = {
				LastSwiftUpdateCheck = 1140;
				LastUpgradeCheck = 1140;
				ORGANIZATIONNAME = "Kas Song";
				TargetAttributes = {
					4282E14724530F1B001DDB1E = {
						CreatedOnToolsVersion = 11.4.1;
					};
				};
			};
			buildConfigurationList = 4282E14324530F1B001DDB1E /* Build configuration list for PBXProject "Switch_On_Off" */;
			compatibilityVersion = "Xcode 9.3";
			developmentRegion = en;
			hasScannedForEncodings = 0;
			knownRegions = (
				en,
				Base,
			);
			mainGroup = 4282E13F24530F1B001DDB1E;
			productRefGroup = 4282E14924530F1B001DDB1E /* Products */;
			projectDirPath = "";
			projectRoot = "";
			targets = (
				4282E14724530F1B001DDB1E /* Switch_On_Off */,
			);
		};
/* End PBXProject section */

/* Begin PBXResourcesBuildPhase section */
		4282E14624530F1B001DDB1E /* Resources */ = {
			isa = PBXResourcesBuildPhase;
			buildActionMask = 2147483647;
			files = (
				4282E15824530F20001DDB1E /* LaunchScreen.storyboard in Resources */,
				4282E15524530F20001DDB1E /* Assets.xcassets in Resources */,
				4282E15324530F1B001DDB1E /* Main.storyboard in Resources */,
			);
			runOnlyForDeploymentPostprocessing = 0;
		};
/* End PBXResourcesBuildPhase section */

/* Begin PBXSourcesBuildPhase section */
		4282E14424530F1B001DDB1E /* Sources */ = {
			isa = PBXSourcesBuildPhase;
			buildActionMask = 2147483647;
			files = (
				4282E15024530F1B001DDB1E /* ViewController.swift in Sources */,
				4282E14C24530F1B001DDB1E /* AppDelegate.swift in Sources */,
				4282E14E24530F1B001DDB1E /* SceneDelegate.swift in Sources */,
			);
			runOnlyForDeploymentPostprocessing = 0;
		};
/* End PBXSourcesBuildPhase section */

/* Begin PBXVariantGroup section */
		4282E15124530F1B001DDB1E /* Main.storyboard */ = {
			isa = PBXVariantGroup;
			children = (
				4282E15224530F1B001DDB1E /* Base */,
			);
			name = Main.storyboard;
			sourceTree = "<group>";
		};
		4282E15624530F20001DDB1E /* LaunchScreen.storyboard */ = {
			isa = PBXVariantGroup;
			children = (
				4282E15724530F20001DDB1E /* Base */,
			);
			name = LaunchScreen.storyboard;
			sourceTree = "<group>";
		};
/* End PBXVariantGroup section */

/* Begin XCBuildConfiguration section */
		4282E15A24530F20001DDB1E /* Debug */ = {
			isa = XCBuildConfiguration;
			buildSettings = {
				ALWAYS_SEARCH_USER_PATHS = NO;
				CLANG_ANALYZER_NONNULL = YES;
				CLANG_ANALYZER_NUMBER_OBJECT_CONVERSION = YES_AGGRESSIVE;
				CLANG_CXX_LANGUAGE_STANDARD = "gnu++14";
				CLANG_CXX_LIBRARY = "libc++";
				CLANG_ENABLE_MODULES = YES;
				CLANG_ENABLE_OBJC_ARC = YES;
				CLANG_ENABLE_OBJC_WEAK = YES;
				CLANG_WARN_BLOCK_CAPTURE_AUTORELEASING = YES;
				CLANG_WARN_BOOL_CONVERSION = YES;
				CLANG_WARN_COMMA = YES;
				CLANG_WARN_CONSTANT_CONVERSION = YES;
				CLANG_WARN_DEPRECATED_OBJC_IMPLEMENTATIONS = YES;
				CLANG_WARN_DIRECT_OBJC_ISA_USAGE = YES_ERROR;
				CLANG_WARN_DOCUMENTATION_COMMENTS = YES;
				CLANG_WARN_EMPTY_BODY = YES;
				CLANG_WARN_ENUM_CONVERSION = YES;
				CLANG_WARN_INFINITE_RECURSION = YES;
				CLANG_WARN_INT_CONVERSION = YES;
				CLANG_WARN_NON_LITERAL_NULL_CONVERSION = YES;
				CLANG_WARN_OBJC_IMPLICIT_RETAIN_SELF = YES;
				CLANG_WARN_OBJC_LITERAL_CONVERSION = YES;
				CLANG_WARN_OBJC_ROOT_CLASS = YES_ERROR;
				CLANG_WARN_RANGE_LOOP_ANALYSIS = YES;
				CLANG_WARN_STRICT_PROTOTYPES = YES;
				CLANG_WARN_SUSPICIOUS_MOVE = YES;
				CLANG_WARN_UNGUARDED_AVAILABILITY = YES_AGGRESSIVE;
				CLANG_WARN_UNREACHABLE_CODE = YES;
				CLANG_WARN__DUPLICATE_METHOD_MATCH = YES;
				COPY_PHASE_STRIP = NO;
				DEBUG_INFORMATION_FORMAT = dwarf;
				ENABLE_STRICT_OBJC_MSGSEND = YES;
				ENABLE_TESTABILITY = YES;
				GCC_C_LANGUAGE_STANDARD = gnu11;
				GCC_DYNAMIC_NO_PIC = NO;
				GCC_NO_COMMON_BLOCKS = YES;
				GCC_OPTIMIZATION_LEVEL = 0;
				GCC_PREPROCESSOR_DEFINITIONS = (
					"DEBUG=1",
					"$(inherited)",
				);
				GCC_WARN_64_TO_32_BIT_CONVERSION = YES;
				GCC_WARN_ABOUT_RETURN_TYPE = YES_ERROR;
				GCC_WARN_UNDECLARED_SELECTOR = YES;
				GCC_WARN_UNINITIALIZED_AUTOS = YES_AGGRESSIVE;
				GCC_WARN_UNUSED_FUNCTION = YES;
				GCC_WARN_UNUSED_VARIABLE = YES;
				IPHONEOS_DEPLOYMENT_TARGET = 13.4;
				MTL_ENABLE_DEBUG_INFO = INCLUDE_SOURCE;
				MTL_FAST_MATH = YES;
				ONLY_ACTIVE_ARCH = YES;
				SDKROOT = iphoneos;
				SWIFT_ACTIVE_COMPILATION_CONDITIONS = DEBUG;
				SWIFT_OPTIMIZATION_LEVEL = "-Onone";
			};
			name = Debug;
		};
		4282E15B24530F20001DDB1E /* Release */ = {
			isa = XCBuildConfiguration;
			buildSettings = {
				ALWAYS_SEARCH_USER_PATHS = NO;
				CLANG_ANALYZER_NONNULL = YES;
				CLANG_ANALYZER_NUMBER_OBJECT_CONVERSION = YES_AGGRESSIVE;
				CLANG_CXX_LANGUAGE_STANDARD = "gnu++14";
				CLANG_CXX_LIBRARY = "libc++";
				CLANG_ENABLE_MODULES = YES;
				CLANG_ENABLE_OBJC_ARC = YES;
				CLANG_ENABLE_OBJC_WEAK = YES;
				CLANG_WARN_BLOCK_CAPTURE_AUTORELEASING = YES;
				CLANG_WARN_BOOL_CONVERSION = YES;
				CLANG_WARN_COMMA = YES;
				CLANG_WARN_CONSTANT_CONVERSION = YES;
				CLANG_WARN_DEPRECATED_OBJC_IMPLEMENTATIONS = YES;
				CLANG_WARN_DIRECT_OBJC_ISA_USAGE = YES_ERROR;
				CLANG_WARN_DOCUMENTATION_COMMENTS = YES;
				CLANG_WARN_EMPTY_BODY = YES;
				CLANG_WARN_ENUM_CONVERSION = YES;
				CLANG_WARN_INFINITE_RECURSION = YES;
				CLANG_WARN_INT_CONVERSION = YES;
				CLANG_WARN_NON_LITERAL_NULL_CONVERSION = YES;
				CLANG_WARN_OBJC_IMPLICIT_RETAIN_SELF = YES;
				CLANG_WARN_OBJC_LITERAL_CONVERSION = YES;
				CLANG_WARN_OBJC_ROOT_CLASS = YES_ERROR;
				CLANG_WARN_RANGE_LOOP_ANALYSIS = YES;
				CLANG_WARN_STRICT_PROTOTYPES = YES;
				CLANG_WARN_SUSPICIOUS_MOVE = YES;
				CLANG_WARN_UNGUARDED_AVAILABILITY = YES_AGGRESSIVE;
				CLANG_WARN_UNREACHABLE_CODE = YES;
				CLANG_WARN__DUPLICATE_METHOD_MATCH = YES;
				COPY_PHASE_STRIP = NO;
				DEBUG_INFORMATION_FORMAT = "dwarf-with-dsym";
				ENABLE_NS_ASSERTIONS = NO;
				ENABLE_STRICT_OBJC_MSGSEND = YES;
				GCC_C_LANGUAGE_STANDARD = gnu11;
				GCC_NO_COMMON_BLOCKS = YES;
				GCC_WARN_64_TO_32_BIT_CONVERSION = YES;
				GCC_WARN_ABOUT_RETURN_TYPE = YES_ERROR;
				GCC_WARN_UNDECLARED_SELECTOR = YES;
				GCC_WARN_UNINITIALIZED_AUTOS = YES_AGGRESSIVE;
				GCC_WARN_UNUSED_FUNCTION = YES;
				GCC_WARN_UNUSED_VARIABLE = YES;
				IPHONEOS_DEPLOYMENT_TARGET = 13.4;
				MTL_ENABLE_DEBUG_INFO = NO;
				MTL_FAST_MATH = YES;
				SDKROOT = iphoneos;
				SWIFT_COMPILATION_MODE = wholemodule;
				SWIFT_OPTIMIZATION_LEVEL = "-O";
				VALIDATE_PRODUCT = YES;
			};
			name = Release;
		};
		4282E15D24530F20001DDB1E /* Debug */ = {
			isa = XCBuildConfiguration;
			buildSettings = {
				ASSETCATALOG_COMPILER_APPICON_NAME = AppIcon;
				CODE_SIGN_STYLE = Automatic;
				INFOPLIST_FILE = Switch_On_Off/Info.plist;
				LD_RUNPATH_SEARCH_PATHS = (
					"$(inherited)",
					"@executable_path/Frameworks",
				);
				PRODUCT_BUNDLE_IDENTIFIER = "com.TeamSloth.Switch-On-Off";
				PRODUCT_NAME = "$(TARGET_NAME)";
				SWIFT_VERSION = 5.0;
				TARGETED_DEVICE_FAMILY = "1,2";
			};
			name = Debug;
		};
		4282E15E24530F20001DDB1E /* Release */ = {
			isa = XCBuildConfiguration;
			buildSettings = {
				ASSETCATALOG_COMPILER_APPICON_NAME = AppIcon;
				CODE_SIGN_STYLE = Automatic;
				INFOPLIST_FILE = Switch_On_Off/Info.plist;
				LD_RUNPATH_SEARCH_PATHS = (
					"$(inherited)",
					"@executable_path/Frameworks",
				);
				PRODUCT_BUNDLE_IDENTIFIER = "com.TeamSloth.Switch-On-Off";
				PRODUCT_NAME = "$(TARGET_NAME)";
				SWIFT_VERSION = 5.0;
				TARGETED_DEVICE_FAMILY = "1,2";
			};
			name = Release;
		};
/* End XCBuildConfiguration section */

/* Begin XCConfigurationList section */
		4282E14324530F1B001DDB1E /* Build configuration list for PBXProject "Switch_On_Off" */ = {
			isa = XCConfigurationList;
			buildConfigurations = (
				4282E15A24530F20001DDB1E /* Debug */,
				4282E15B24530F20001DDB1E /* Release */,
			);
			defaultConfigurationIsVisible = 0;
			defaultConfigurationName = Release;
		};
		4282E15C24530F20001DDB1E /* Build configuration list for PBXNativeTarget "Switch_On_Off" */ = {
			isa = XCConfigurationList;
			buildConfigurations = (
				4282E15D24530F20001DDB1E /* Debug */,
				4282E15E24530F20001DDB1E /* Release */,
			);
			defaultConfigurationIsVisible = 0;
			defaultConfigurationName = Release;
		};
/* End XCConfigurationList section */
	};
	rootObject = 4282E14024530F1B001DDB1E /* Project object */;
}
