// !$*UTF8*$!
{
	archiveVersion = 1;
	classes = {
	};
	objectVersion = 50;
	objects = {

/* Begin PBXBuildFile section */
		4218F3EF246511FF00F34561 /* AppDelegate.swift in Sources */ = {isa = PBXBuildFile; fileRef = 4218F3EE246511FF00F34561 /* AppDelegate.swift */; };
		4218F3F1246511FF00F34561 /* SceneDelegate.swift in Sources */ = {isa = PBXBuildFile; fileRef = 4218F3F0246511FF00F34561 /* SceneDelegate.swift */; };
		4218F3F3246511FF00F34561 /* ViewController.swift in Sources */ = {isa = PBXBuildFile; fileRef = 4218F3F2246511FF00F34561 /* ViewController.swift */; };
		4218F3F6246511FF00F34561 /* Main.storyboard in Resources */ = {isa = PBXBuildFile; fileRef = 4218F3F4246511FF00F34561 /* Main.storyboard */; };
		4218F3F82465120400F34561 /* Assets.xcassets in Resources */ = {isa = PBXBuildFile; fileRef = 4218F3F72465120400F34561 /* Assets.xcassets */; };
		4218F3FB2465120400F34561 /* LaunchScreen.storyboard in Resources */ = {isa = PBXBuildFile; fileRef = 4218F3F92465120400F34561 /* LaunchScreen.storyboard */; };
		4218F40324651D0900F34561 /* SecondViewController.swift in Sources */ = {isa = PBXBuildFile; fileRef = 4218F40224651D0900F34561 /* SecondViewController.swift */; };
/* End PBXBuildFile section */

/* Begin PBXFileReference section */
		4218F3EB246511FF00F34561 /* ContainerViewController.app */ = {isa = PBXFileReference; explicitFileType = wrapper.application; includeInIndex = 0; path = ContainerViewController.app; sourceTree = BUILT_PRODUCTS_DIR; };
		4218F3EE246511FF00F34561 /* AppDelegate.swift */ = {isa = PBXFileReference; lastKnownFileType = sourcecode.swift; path = AppDelegate.swift; sourceTree = "<group>"; };
		4218F3F0246511FF00F34561 /* SceneDelegate.swift */ = {isa = PBXFileReference; lastKnownFileType = sourcecode.swift; path = SceneDelegate.swift; sourceTree = "<group>"; };
		4218F3F2246511FF00F34561 /* ViewController.swift */ = {isa = PBXFileReference; lastKnownFileType = sourcecode.swift; path = ViewController.swift; sourceTree = "<group>"; };
		4218F3F5246511FF00F34561 /* Base */ = {isa = PBXFileReference; lastKnownFileType = file.storyboard; name = Base; path = Base.lproj/Main.storyboard; sourceTree = "<group>"; };
		4218F3F72465120400F34561 /* Assets.xcassets */ = {isa = PBXFileReference; lastKnownFileType = folder.assetcatalog; path = Assets.xcassets; sourceTree = "<group>"; };
		4218F3FA2465120400F34561 /* Base */ = {isa = PBXFileReference; lastKnownFileType = file.storyboard; name = Base; path = Base.lproj/LaunchScreen.storyboard; sourceTree = "<group>"; };
		4218F3FC2465120400F34561 /* Info.plist */ = {isa = PBXFileReference; lastKnownFileType = text.plist.xml; path = Info.plist; sourceTree = "<group>"; };
		4218F40224651D0900F34561 /* SecondViewController.swift */ = {isa = PBXFileReference; lastKnownFileType = sourcecode.swift; path = SecondViewController.swift; sourceTree = "<group>"; };
/* End PBXFileReference section */

/* Begin PBXFrameworksBuildPhase section */
		4218F3E8246511FF00F34561 /* Frameworks */ = {
			isa = PBXFrameworksBuildPhase;
			buildActionMask = 2147483647;
			files = (
			);
			runOnlyForDeploymentPostprocessing = 0;
		};
/* End PBXFrameworksBuildPhase section */

/* Begin PBXGroup section */
		4218F3E2246511FF00F34561 = {
			isa = PBXGroup;
			children = (
				4218F3ED246511FF00F34561 /* ContainerViewController */,
				4218F3EC246511FF00F34561 /* Products */,
			);
			sourceTree = "<group>";
		};
		4218F3EC246511FF00F34561 /* Products */ = {
			isa = PBXGroup;
			children = (
				4218F3EB246511FF00F34561 /* ContainerViewController.app */,
			);
			name = Products;
			sourceTree = "<group>";
		};
		4218F3ED246511FF00F34561 /* ContainerViewController */ = {
			isa = PBXGroup;
			children = (
				4218F3EE246511FF00F34561 /* AppDelegate.swift */,
				4218F3F0246511FF00F34561 /* SceneDelegate.swift */,
				4218F3F2246511FF00F34561 /* ViewController.swift */,
				4218F40224651D0900F34561 /* SecondViewController.swift */,
				4218F3F4246511FF00F34561 /* Main.storyboard */,
				4218F3F72465120400F34561 /* Assets.xcassets */,
				4218F3F92465120400F34561 /* LaunchScreen.storyboard */,
				4218F3FC2465120400F34561 /* Info.plist */,
			);
			path = ContainerViewController;
			sourceTree = "<group>";
		};
/* End PBXGroup section */

/* Begin PBXNativeTarget section */
		4218F3EA246511FF00F34561 /* ContainerViewController */ = {
			isa = PBXNativeTarget;
			buildConfigurationList = 4218F3FF2465120400F34561 /* Build configuration list for PBXNativeTarget "ContainerViewController" */;
			buildPhases = (
				4218F3E7246511FF00F34561 /* Sources */,
				4218F3E8246511FF00F34561 /* Frameworks */,
				4218F3E9246511FF00F34561 /* Resources */,
			);
			buildRules = (
			);
			dependencies = (
			);
			name = ContainerViewController;
			productName = ContainerViewController;
			productReference = 4218F3EB246511FF00F34561 /* ContainerViewController.app */;
			productType = "com.apple.product-type.application";
		};
/* End PBXNativeTarget section */

/* Begin PBXProject section */
		4218F3E3246511FF00F34561 /* Project object */ = {
			isa = PBXProject;
			attributes = {
				LastSwiftUpdateCheck = 1140;
				LastUpgradeCheck = 1140;
				ORGANIZATIONNAME = "Kas Song";
				TargetAttributes = {
					4218F3EA246511FF00F34561 = {
						CreatedOnToolsVersion = 11.4.1;
					};
				};
			};
			buildConfigurationList = 4218F3E6246511FF00F34561 /* Build configuration list for PBXProject "ContainerViewController" */;
			compatibilityVersion = "Xcode 9.3";
			developmentRegion = en;
			hasScannedForEncodings = 0;
			knownRegions = (
				en,
				Base,
			);
			mainGroup = 4218F3E2246511FF00F34561;
			productRefGroup = 4218F3EC246511FF00F34561 /* Products */;
			projectDirPath = "";
			projectRoot = "";
			targets = (
				4218F3EA246511FF00F34561 /* ContainerViewController */,
			);
		};
/* End PBXProject section */

/* Begin PBXResourcesBuildPhase section */
		4218F3E9246511FF00F34561 /* Resources */ = {
			isa = PBXResourcesBuildPhase;
			buildActionMask = 2147483647;
			files = (
				4218F3FB2465120400F34561 /* LaunchScreen.storyboard in Resources */,
				4218F3F82465120400F34561 /* Assets.xcassets in Resources */,
				4218F3F6246511FF00F34561 /* Main.storyboard in Resources */,
			);
			runOnlyForDeploymentPostprocessing = 0;
		};
/* End PBXResourcesBuildPhase section */

/* Begin PBXSourcesBuildPhase section */
		4218F3E7246511FF00F34561 /* Sources */ = {
			isa = PBXSourcesBuildPhase;
			buildActionMask = 2147483647;
			files = (
				4218F40324651D0900F34561 /* SecondViewController.swift in Sources */,
				4218F3F3246511FF00F34561 /* ViewController.swift in Sources */,
				4218F3EF246511FF00F34561 /* AppDelegate.swift in Sources */,
				4218F3F1246511FF00F34561 /* SceneDelegate.swift in Sources */,
			);
			runOnlyForDeploymentPostprocessing = 0;
		};
/* End PBXSourcesBuildPhase section */

/* Begin PBXVariantGroup section */
		4218F3F4246511FF00F34561 /* Main.storyboard */ = {
			isa = PBXVariantGroup;
			children = (
				4218F3F5246511FF00F34561 /* Base */,
			);
			name = Main.storyboard;
			sourceTree = "<group>";
		};
		4218F3F92465120400F34561 /* LaunchScreen.storyboard */ = {
			isa = PBXVariantGroup;
			children = (
				4218F3FA2465120400F34561 /* Base */,
			);
			name = LaunchScreen.storyboard;
			sourceTree = "<group>";
		};
/* End PBXVariantGroup section */

/* Begin XCBuildConfiguration section */
		4218F3FD2465120400F34561 /* Debug */ = {
			isa = XCBuildConfiguration;
			buildSettings = {
				ALWAYS_SEARCH_USER_PATHS = NO;
				CLANG_ANALYZER_NONNULL = YES;
				CLANG_ANALYZER_NUMBER_OBJECT_CONVERSION = YES_AGGRESSIVE;
				CLANG_CXX_LANGUAGE_STANDARD = "gnu++14";
				CLANG_CXX_LIBRARY = "libc++";
				CLANG_ENABLE_MODULES = YES;
				CLANG_ENABLE_OBJC_ARC = YES;
				CLANG_ENABLE_OBJC_WEAK = YES;
				CLANG_WARN_BLOCK_CAPTURE_AUTORELEASING = YES;
				CLANG_WARN_BOOL_CONVERSION = YES;
				CLANG_WARN_COMMA = YES;
				CLANG_WARN_CONSTANT_CONVERSION = YES;
				CLANG_WARN_DEPRECATED_OBJC_IMPLEMENTATIONS = YES;
				CLANG_WARN_DIRECT_OBJC_ISA_USAGE = YES_ERROR;
				CLANG_WARN_DOCUMENTATION_COMMENTS = YES;
				CLANG_WARN_EMPTY_BODY = YES;
				CLANG_WARN_ENUM_CONVERSION = YES;
				CLANG_WARN_INFINITE_RECURSION = YES;
				CLANG_WARN_INT_CONVERSION = YES;
				CLANG_WARN_NON_LITERAL_NULL_CONVERSION = YES;
				CLANG_WARN_OBJC_IMPLICIT_RETAIN_SELF = YES;
				CLANG_WARN_OBJC_LITERAL_CONVERSION = YES;
				CLANG_WARN_OBJC_ROOT_CLASS = YES_ERROR;
				CLANG_WARN_RANGE_LOOP_ANALYSIS = YES;
				CLANG_WARN_STRICT_PROTOTYPES = YES;
				CLANG_WARN_SUSPICIOUS_MOVE = YES;
				CLANG_WARN_UNGUARDED_AVAILABILITY = YES_AGGRESSIVE;
				CLANG_WARN_UNREACHABLE_CODE = YES;
				CLANG_WARN__DUPLICATE_METHOD_MATCH = YES;
				COPY_PHASE_STRIP = NO;
				DEBUG_INFORMATION_FORMAT = dwarf;
				ENABLE_STRICT_OBJC_MSGSEND = YES;
				ENABLE_TESTABILITY = YES;
				GCC_C_LANGUAGE_STANDARD = gnu11;
				GCC_DYNAMIC_NO_PIC = NO;
				GCC_NO_COMMON_BLOCKS = YES;
				GCC_OPTIMIZATION_LEVEL = 0;
				GCC_PREPROCESSOR_DEFINITIONS = (
					"DEBUG=1",
					"$(inherited)",
				);
				GCC_WARN_64_TO_32_BIT_CONVERSION = YES;
				GCC_WARN_ABOUT_RETURN_TYPE = YES_ERROR;
				GCC_WARN_UNDECLARED_SELECTOR = YES;
				GCC_WARN_UNINITIALIZED_AUTOS = YES_AGGRESSIVE;
				GCC_WARN_UNUSED_FUNCTION = YES;
				GCC_WARN_UNUSED_VARIABLE = YES;
				IPHONEOS_DEPLOYMENT_TARGET = 13.4;
				MTL_ENABLE_DEBUG_INFO = INCLUDE_SOURCE;
				MTL_FAST_MATH = YES;
				ONLY_ACTIVE_ARCH = YES;
				SDKROOT = iphoneos;
				SWIFT_ACTIVE_COMPILATION_CONDITIONS = DEBUG;
				SWIFT_OPTIMIZATION_LEVEL = "-Onone";
			};
			name = Debug;
		};
		4218F3FE2465120400F34561 /* Release */ = {
			isa = XCBuildConfiguration;
			buildSettings = {
				ALWAYS_SEARCH_USER_PATHS = NO;
				CLANG_ANALYZER_NONNULL = YES;
				CLANG_ANALYZER_NUMBER_OBJECT_CONVERSION = YES_AGGRESSIVE;
				CLANG_CXX_LANGUAGE_STANDARD = "gnu++14";
				CLANG_CXX_LIBRARY = "libc++";
				CLANG_ENABLE_MODULES = YES;
				CLANG_ENABLE_OBJC_ARC = YES;
				CLANG_ENABLE_OBJC_WEAK = YES;
				CLANG_WARN_BLOCK_CAPTURE_AUTORELEASING = YES;
				CLANG_WARN_BOOL_CONVERSION = YES;
				CLANG_WARN_COMMA = YES;
				CLANG_WARN_CONSTANT_CONVERSION = YES;
				CLANG_WARN_DEPRECATED_OBJC_IMPLEMENTATIONS = YES;
				CLANG_WARN_DIRECT_OBJC_ISA_USAGE = YES_ERROR;
				CLANG_WARN_DOCUMENTATION_COMMENTS = YES;
				CLANG_WARN_EMPTY_BODY = YES;
				CLANG_WARN_ENUM_CONVERSION = YES;
				CLANG_WARN_INFINITE_RECURSION = YES;
				CLANG_WARN_INT_CONVERSION = YES;
				CLANG_WARN_NON_LITERAL_NULL_CONVERSION = YES;
				CLANG_WARN_OBJC_IMPLICIT_RETAIN_SELF = YES;
				CLANG_WARN_OBJC_LITERAL_CONVERSION = YES;
				CLANG_WARN_OBJC_ROOT_CLASS = YES_ERROR;
				CLANG_WARN_RANGE_LOOP_ANALYSIS = YES;
				CLANG_WARN_STRICT_PROTOTYPES = YES;
				CLANG_WARN_SUSPICIOUS_MOVE = YES;
				CLANG_WARN_UNGUARDED_AVAILABILITY = YES_AGGRESSIVE;
				CLANG_WARN_UNREACHABLE_CODE = YES;
				CLANG_WARN__DUPLICATE_METHOD_MATCH = YES;
				COPY_PHASE_STRIP = NO;
				DEBUG_INFORMATION_FORMAT = "dwarf-with-dsym";
				ENABLE_NS_ASSERTIONS = NO;
				ENABLE_STRICT_OBJC_MSGSEND = YES;
				GCC_C_LANGUAGE_STANDARD = gnu11;
				GCC_NO_COMMON_BLOCKS = YES;
				GCC_WARN_64_TO_32_BIT_CONVERSION = YES;
				GCC_WARN_ABOUT_RETURN_TYPE = YES_ERROR;
				GCC_WARN_UNDECLARED_SELECTOR = YES;
				GCC_WARN_UNINITIALIZED_AUTOS = YES_AGGRESSIVE;
				GCC_WARN_UNUSED_FUNCTION = YES;
				GCC_WARN_UNUSED_VARIABLE = YES;
				IPHONEOS_DEPLOYMENT_TARGET = 13.4;
				MTL_ENABLE_DEBUG_INFO = NO;
				MTL_FAST_MATH = YES;
				SDKROOT = iphoneos;
				SWIFT_COMPILATION_MODE = wholemodule;
				SWIFT_OPTIMIZATION_LEVEL = "-O";
				VALIDATE_PRODUCT = YES;
			};
			name = Release;
		};
		4218F4002465120400F34561 /* Debug */ = {
			isa = XCBuildConfiguration;
			buildSettings = {
				ASSETCATALOG_COMPILER_APPICON_NAME = AppIcon;
				CODE_SIGN_STYLE = Automatic;
				INFOPLIST_FILE = ContainerViewController/Info.plist;
				LD_RUNPATH_SEARCH_PATHS = (
					"$(inherited)",
					"@executable_path/Frameworks",
				);
				PRODUCT_BUNDLE_IDENTIFIER = com.TeamSloth.ContainerViewController;
				PRODUCT_NAME = "$(TARGET_NAME)";
				SWIFT_VERSION = 5.0;
				TARGETED_DEVICE_FAMILY = "1,2";
			};
			name = Debug;
		};
		4218F4012465120400F34561 /* Release */ = {
			isa = XCBuildConfiguration;
			buildSettings = {
				ASSETCATALOG_COMPILER_APPICON_NAME = AppIcon;
				CODE_SIGN_STYLE = Automatic;
				INFOPLIST_FILE = ContainerViewController/Info.plist;
				LD_RUNPATH_SEARCH_PATHS = (
					"$(inherited)",
					"@executable_path/Frameworks",
				);
				PRODUCT_BUNDLE_IDENTIFIER = com.TeamSloth.ContainerViewController;
				PRODUCT_NAME = "$(TARGET_NAME)";
				SWIFT_VERSION = 5.0;
				TARGETED_DEVICE_FAMILY = "1,2";
			};
			name = Release;
		};
/* End XCBuildConfiguration section */

/* Begin XCConfigurationList section */
		4218F3E6246511FF00F34561 /* Build configuration list for PBXProject "ContainerViewController" */ = {
			isa = XCConfigurationList;
			buildConfigurations = (
				4218F3FD2465120400F34561 /* Debug */,
				4218F3FE2465120400F34561 /* Release */,
			);
			defaultConfigurationIsVisible = 0;
			defaultConfigurationName = Release;
		};
		4218F3FF2465120400F34561 /* Build configuration list for PBXNativeTarget "ContainerViewController" */ = {
			isa = XCConfigurationList;
			buildConfigurations = (
				4218F4002465120400F34561 /* Debug */,
				4218F4012465120400F34561 /* Release */,
			);
			defaultConfigurationIsVisible = 0;
			defaultConfigurationName = Release;
		};
/* End XCConfigurationList section */
	};
	rootObject = 4218F3E3246511FF00F34561 /* Project object */;
}
